{
  "version": 4,
  "terraform_version": "1.8.4",
  "serial": 15,
  "lineage": "d3eeeda0-3daa-a34a-c33d-97ab55753317",
  "outputs": {},
  "resources": [
    {
      "mode": "managed",
      "type": "aws_subnet",
      "name": "nishansubnet",
      "provider": "provider[\"registry.terraform.io/hashicorp/aws\"]",
      "instances": [
        {
          "schema_version": 1,
          "attributes": {
            "arn": "arn:aws:ec2:sa-east-1:035719368656:subnet/subnet-00ca721b7c036e07a",
            "assign_ipv6_address_on_creation": false,
            "availability_zone": "sa-east-1a",
            "availability_zone_id": "sae1-az1",
            "cidr_block": "10.3.1.0/24",
            "customer_owned_ipv4_pool": "",
            "enable_dns64": false,
            "enable_lni_at_device_index": 0,
            "enable_resource_name_dns_a_record_on_launch": false,
            "enable_resource_name_dns_aaaa_record_on_launch": false,
            "id": "subnet-00ca721b7c036e07a",
            "ipv6_cidr_block": "",
            "ipv6_cidr_block_association_id": "",
            "ipv6_native": false,
            "map_customer_owned_ip_on_launch": false,
            "map_public_ip_on_launch": true,
            "outpost_arn": "",
            "owner_id": "035719368656",
            "private_dns_hostname_type_on_launch": "ip-name",
            "tags": {
              "Name": "nishansubnet"
            },
            "tags_all": {
              "Name": "nishansubnet"
            },
            "timeouts": null,
            "vpc_id": "vpc-01e3a41bc3c58c6c0"
          },
          "sensitive_attributes": [],
          "private": "eyJlMmJmYjczMC1lY2FhLTExZTYtOGY4OC0zNDM2M2JjN2M0YzAiOnsiY3JlYXRlIjo2MDAwMDAwMDAwMDAsImRlbGV0ZSI6MTIwMDAwMDAwMDAwMH0sInNjaGVtYV92ZXJzaW9uIjoiMSJ9",
          "dependencies": [
            "aws_vpc.testvpc"
          ]
        }
      ]
    },
    {
      "mode": "managed",
      "type": "aws_vpc",
      "name": "testvpc",
      "provider": "provider[\"registry.terraform.io/hashicorp/aws\"]",
      "instances": [
        {
          "schema_version": 1,
          "attributes": {
            "arn": "arn:aws:ec2:sa-east-1:035719368656:vpc/vpc-01e3a41bc3c58c6c0",
            "assign_generated_ipv6_cidr_block": false,
            "cidr_block": "10.3.0.0/16",
            "default_network_acl_id": "acl-07c18c5cebd5c4c50",
            "default_route_table_id": "rtb-0e459a335807dcdfd",
            "default_security_group_id": "sg-04188c12d0dcc3348",
            "dhcp_options_id": "dopt-061ca6ec2bb8d1b5e",
            "enable_classiclink": false,
            "enable_classiclink_dns_support": false,
            "enable_dns_hostnames": false,
            "enable_dns_support": true,
            "enable_network_address_usage_metrics": false,
            "id": "vpc-01e3a41bc3c58c6c0",
            "instance_tenancy": "default",
            "ipv4_ipam_pool_id": null,
            "ipv4_netmask_length": null,
            "ipv6_association_id": "",
            "ipv6_cidr_block": "",
            "ipv6_cidr_block_network_border_group": "",
            "ipv6_ipam_pool_id": "",
            "ipv6_netmask_length": 0,
            "main_route_table_id": "rtb-0e459a335807dcdfd",
            "owner_id": "035719368656",
            "tags": {
              "Name": "nishan"
            },
            "tags_all": {
              "Name": "nishan"
            }
          },
          "sensitive_attributes": [],
          "private": "eyJzY2hlbWFfdmVyc2lvbiI6IjEifQ=="
        }
      ]
    }
  ],
  "check_results": null
}
